// !$*UTF8*$!
{
	archiveVersion = 1;
	classes = {
	};
	objectVersion = 46;
	objects = {

/* Begin PBXBuildFile section */
		4918CD0518B5A232005D8E55 /* TWTFontFamiliesViewController.m in Sources */ = {isa = PBXBuildFile; fileRef = 4918CD0418B5A232005D8E55 /* TWTFontFamiliesViewController.m */; };
		4918CD0818B5A24C005D8E55 /* TWTFontPreviewViewController.m in Sources */ = {isa = PBXBuildFile; fileRef = 4918CD0718B5A24C005D8E55 /* TWTFontPreviewViewController.m */; };
		4918CD0B18B5A7D3005D8E55 /* TWTFontsViewController.m in Sources */ = {isa = PBXBuildFile; fileRef = 4918CD0A18B5A7D3005D8E55 /* TWTFontsViewController.m */; };
		492C100C18B64E12007CE8FF /* TWTFontLoader.m in Sources */ = {isa = PBXBuildFile; fileRef = 492C100B18B64E12007CE8FF /* TWTFontLoader.m */; };
		497CAB2518B59C9C000DD7DE /* Foundation.framework in Frameworks */ = {isa = PBXBuildFile; fileRef = 497CAB2418B59C9C000DD7DE /* Foundation.framework */; };
		497CAB2718B59C9C000DD7DE /* CoreGraphics.framework in Frameworks */ = {isa = PBXBuildFile; fileRef = 497CAB2618B59C9C000DD7DE /* CoreGraphics.framework */; };
		497CAB2918B59C9C000DD7DE /* UIKit.framework in Frameworks */ = {isa = PBXBuildFile; fileRef = 497CAB2818B59C9C000DD7DE /* UIKit.framework */; };
		497CAB2F18B59C9C000DD7DE /* InfoPlist.strings in Resources */ = {isa = PBXBuildFile; fileRef = 497CAB2D18B59C9C000DD7DE /* InfoPlist.strings */; };
		497CAB3118B59C9C000DD7DE /* main.m in Sources */ = {isa = PBXBuildFile; fileRef = 497CAB3018B59C9C000DD7DE /* main.m */; };
		497CAB3518B59C9C000DD7DE /* TWTAppDelegate.m in Sources */ = {isa = PBXBuildFile; fileRef = 497CAB3418B59C9C000DD7DE /* TWTAppDelegate.m */; };
		497CAB3718B59C9C000DD7DE /* Images.xcassets in Resources */ = {isa = PBXBuildFile; fileRef = 497CAB3618B59C9C000DD7DE /* Images.xcassets */; };
		497CAB3E18B59C9C000DD7DE /* XCTest.framework in Frameworks */ = {isa = PBXBuildFile; fileRef = 497CAB3D18B59C9C000DD7DE /* XCTest.framework */; };
		497CAB3F18B59C9C000DD7DE /* Foundation.framework in Frameworks */ = {isa = PBXBuildFile; fileRef = 497CAB2418B59C9C000DD7DE /* Foundation.framework */; };
		497CAB4018B59C9C000DD7DE /* UIKit.framework in Frameworks */ = {isa = PBXBuildFile; fileRef = 497CAB2818B59C9C000DD7DE /* UIKit.framework */; };
		497CAB4818B59C9C000DD7DE /* InfoPlist.strings in Resources */ = {isa = PBXBuildFile; fileRef = 497CAB4618B59C9C000DD7DE /* InfoPlist.strings */; };
		497CAB4A18B59C9C000DD7DE /* FontsTests.m in Sources */ = {isa = PBXBuildFile; fileRef = 497CAB4918B59C9C000DD7DE /* FontsTests.m */; };
		49A089BA1910504700283FE4 /* TWTEnvironment.m in Sources */ = {isa = PBXBuildFile; fileRef = 49A089B91910504700283FE4 /* TWTEnvironment.m */; };
		49A089BD1910523C00283FE4 /* TWTTextEditorViewController.m in Sources */ = {isa = PBXBuildFile; fileRef = 49A089BC1910523C00283FE4 /* TWTTextEditorViewController.m */; };
		49A089C01910528400283FE4 /* UIViewController+Fonts.m in Sources */ = {isa = PBXBuildFile; fileRef = 49A089BF1910528400283FE4 /* UIViewController+Fonts.m */; };
		49A089C31910564C00283FE4 /* TWTUserDefaults.m in Sources */ = {isa = PBXBuildFile; fileRef = 49A089C21910564C00283FE4 /* TWTUserDefaults.m */; };
		8A9E8EB6A9574275B35D8001 /* libPods.a in Frameworks */ = {isa = PBXBuildFile; fileRef = 27BCE612B01248A383999C07 /* libPods.a */; };
/* End PBXBuildFile section */

/* Begin PBXContainerItemProxy section */
		497CAB4118B59C9C000DD7DE /* PBXContainerItemProxy */ = {
			isa = PBXContainerItemProxy;
			containerPortal = 497CAB1918B59C9C000DD7DE /* Project object */;
			proxyType = 1;
			remoteGlobalIDString = 497CAB2018B59C9C000DD7DE;
			remoteInfo = Fonts;
		};
/* End PBXContainerItemProxy section */

/* Begin PBXFileReference section */
		27BCE612B01248A383999C07 /* libPods.a */ = {isa = PBXFileReference; explicitFileType = archive.ar; includeInIndex = 0; path = libPods.a; sourceTree = BUILT_PRODUCTS_DIR; };
		4918CD0318B5A232005D8E55 /* TWTFontFamiliesViewController.h */ = {isa = PBXFileReference; fileEncoding = 4; lastKnownFileType = sourcecode.c.h; path = TWTFontFamiliesViewController.h; sourceTree = "<group>"; };
		4918CD0418B5A232005D8E55 /* TWTFontFamiliesViewController.m */ = {isa = PBXFileReference; fileEncoding = 4; lastKnownFileType = sourcecode.c.objc; path = TWTFontFamiliesViewController.m; sourceTree = "<group>"; };
		4918CD0618B5A24C005D8E55 /* TWTFontPreviewViewController.h */ = {isa = PBXFileReference; fileEncoding = 4; lastKnownFileType = sourcecode.c.h; path = TWTFontPreviewViewController.h; sourceTree = "<group>"; };
		4918CD0718B5A24C005D8E55 /* TWTFontPreviewViewController.m */ = {isa = PBXFileReference; fileEncoding = 4; lastKnownFileType = sourcecode.c.objc; path = TWTFontPreviewViewController.m; sourceTree = "<group>"; };
		4918CD0918B5A7D3005D8E55 /* TWTFontsViewController.h */ = {isa = PBXFileReference; fileEncoding = 4; lastKnownFileType = sourcecode.c.h; path = TWTFontsViewController.h; sourceTree = "<group>"; };
		4918CD0A18B5A7D3005D8E55 /* TWTFontsViewController.m */ = {isa = PBXFileReference; fileEncoding = 4; lastKnownFileType = sourcecode.c.objc; path = TWTFontsViewController.m; sourceTree = "<group>"; };
		492C100A18B64E12007CE8FF /* TWTFontLoader.h */ = {isa = PBXFileReference; fileEncoding = 4; lastKnownFileType = sourcecode.c.h; path = TWTFontLoader.h; sourceTree = "<group>"; };
		492C100B18B64E12007CE8FF /* TWTFontLoader.m */ = {isa = PBXFileReference; fileEncoding = 4; lastKnownFileType = sourcecode.c.objc; path = TWTFontLoader.m; sourceTree = "<group>"; };
		497CAB2118B59C9C000DD7DE /* Fonts.app */ = {isa = PBXFileReference; explicitFileType = wrapper.application; includeInIndex = 0; path = Fonts.app; sourceTree = BUILT_PRODUCTS_DIR; };
		497CAB2418B59C9C000DD7DE /* Foundation.framework */ = {isa = PBXFileReference; lastKnownFileType = wrapper.framework; name = Foundation.framework; path = System/Library/Frameworks/Foundation.framework; sourceTree = SDKROOT; };
		497CAB2618B59C9C000DD7DE /* CoreGraphics.framework */ = {isa = PBXFileReference; lastKnownFileType = wrapper.framework; name = CoreGraphics.framework; path = System/Library/Frameworks/CoreGraphics.framework; sourceTree = SDKROOT; };
		497CAB2818B59C9C000DD7DE /* UIKit.framework */ = {isa = PBXFileReference; lastKnownFileType = wrapper.framework; name = UIKit.framework; path = System/Library/Frameworks/UIKit.framework; sourceTree = SDKROOT; };
		497CAB2C18B59C9C000DD7DE /* Fonts-Info.plist */ = {isa = PBXFileReference; lastKnownFileType = text.plist.xml; path = "Fonts-Info.plist"; sourceTree = "<group>"; };
		497CAB2E18B59C9C000DD7DE /* en */ = {isa = PBXFileReference; lastKnownFileType = text.plist.strings; name = en; path = en.lproj/InfoPlist.strings; sourceTree = "<group>"; };
		497CAB3018B59C9C000DD7DE /* main.m */ = {isa = PBXFileReference; lastKnownFileType = sourcecode.c.objc; path = main.m; sourceTree = "<group>"; };
		497CAB3218B59C9C000DD7DE /* Fonts-Prefix.pch */ = {isa = PBXFileReference; lastKnownFileType = sourcecode.c.h; path = "Fonts-Prefix.pch"; sourceTree = "<group>"; };
		497CAB3318B59C9C000DD7DE /* TWTAppDelegate.h */ = {isa = PBXFileReference; lastKnownFileType = sourcecode.c.h; path = TWTAppDelegate.h; sourceTree = "<group>"; };
		497CAB3418B59C9C000DD7DE /* TWTAppDelegate.m */ = {isa = PBXFileReference; lastKnownFileType = sourcecode.c.objc; path = TWTAppDelegate.m; sourceTree = "<group>"; };
		497CAB3618B59C9C000DD7DE /* Images.xcassets */ = {isa = PBXFileReference; lastKnownFileType = folder.assetcatalog; path = Images.xcassets; sourceTree = "<group>"; };
		497CAB3C18B59C9C000DD7DE /* FontsTests.xctest */ = {isa = PBXFileReference; explicitFileType = wrapper.cfbundle; includeInIndex = 0; path = FontsTests.xctest; sourceTree = BUILT_PRODUCTS_DIR; };
		497CAB3D18B59C9C000DD7DE /* XCTest.framework */ = {isa = PBXFileReference; lastKnownFileType = wrapper.framework; name = XCTest.framework; path = Library/Frameworks/XCTest.framework; sourceTree = DEVELOPER_DIR; };
		497CAB4518B59C9C000DD7DE /* FontsTests-Info.plist */ = {isa = PBXFileReference; lastKnownFileType = text.plist.xml; path = "FontsTests-Info.plist"; sourceTree = "<group>"; };
		497CAB4718B59C9C000DD7DE /* en */ = {isa = PBXFileReference; lastKnownFileType = text.plist.strings; name = en; path = en.lproj/InfoPlist.strings; sourceTree = "<group>"; };
		497CAB4918B59C9C000DD7DE /* FontsTests.m */ = {isa = PBXFileReference; lastKnownFileType = sourcecode.c.objc; path = FontsTests.m; sourceTree = "<group>"; };
		49A089B81910504700283FE4 /* TWTEnvironment.h */ = {isa = PBXFileReference; fileEncoding = 4; lastKnownFileType = sourcecode.c.h; path = TWTEnvironment.h; sourceTree = "<group>"; };
		49A089B91910504700283FE4 /* TWTEnvironment.m */ = {isa = PBXFileReference; fileEncoding = 4; lastKnownFileType = sourcecode.c.objc; path = TWTEnvironment.m; sourceTree = "<group>"; };
		49A089BB1910523C00283FE4 /* TWTTextEditorViewController.h */ = {isa = PBXFileReference; fileEncoding = 4; lastKnownFileType = sourcecode.c.h; path = TWTTextEditorViewController.h; sourceTree = "<group>"; };
		49A089BC1910523C00283FE4 /* TWTTextEditorViewController.m */ = {isa = PBXFileReference; fileEncoding = 4; lastKnownFileType = sourcecode.c.objc; path = TWTTextEditorViewController.m; sourceTree = "<group>"; };
		49A089BE1910528400283FE4 /* UIViewController+Fonts.h */ = {isa = PBXFileReference; fileEncoding = 4; lastKnownFileType = sourcecode.c.h; path = "UIViewController+Fonts.h"; sourceTree = "<group>"; };
		49A089BF1910528400283FE4 /* UIViewController+Fonts.m */ = {isa = PBXFileReference; fileEncoding = 4; lastKnownFileType = sourcecode.c.objc; path = "UIViewController+Fonts.m"; sourceTree = "<group>"; };
		49A089C11910564C00283FE4 /* TWTUserDefaults.h */ = {isa = PBXFileReference; fileEncoding = 4; lastKnownFileType = sourcecode.c.h; path = TWTUserDefaults.h; sourceTree = "<group>"; };
		49A089C21910564C00283FE4 /* TWTUserDefaults.m */ = {isa = PBXFileReference; fileEncoding = 4; lastKnownFileType = sourcecode.c.objc; path = TWTUserDefaults.m; sourceTree = "<group>"; };
		E2F41BEC17984DFF8A8DAD90 /* Pods.xcconfig */ = {isa = PBXFileReference; includeInIndex = 1; lastKnownFileType = text.xcconfig; name = Pods.xcconfig; path = ../Pods/Pods.xcconfig; sourceTree = "<group>"; };
/* End PBXFileReference section */

/* Begin PBXFrameworksBuildPhase section */
		497CAB1E18B59C9C000DD7DE /* Frameworks */ = {
			isa = PBXFrameworksBuildPhase;
			buildActionMask = 2147483647;
			files = (
				497CAB2718B59C9C000DD7DE /* CoreGraphics.framework in Frameworks */,
				497CAB2918B59C9C000DD7DE /* UIKit.framework in Frameworks */,
				497CAB2518B59C9C000DD7DE /* Foundation.framework in Frameworks */,
				8A9E8EB6A9574275B35D8001 /* libPods.a in Frameworks */,
			);
			runOnlyForDeploymentPostprocessing = 0;
		};
		497CAB3918B59C9C000DD7DE /* Frameworks */ = {
			isa = PBXFrameworksBuildPhase;
			buildActionMask = 2147483647;
			files = (
				497CAB3E18B59C9C000DD7DE /* XCTest.framework in Frameworks */,
				497CAB4018B59C9C000DD7DE /* UIKit.framework in Frameworks */,
				497CAB3F18B59C9C000DD7DE /* Foundation.framework in Frameworks */,
			);
			runOnlyForDeploymentPostprocessing = 0;
		};
/* End PBXFrameworksBuildPhase section */

/* Begin PBXGroup section */
		497CAB1818B59C9C000DD7DE = {
			isa = PBXGroup;
			children = (
				497CAB2A18B59C9C000DD7DE /* Fonts */,
				497CAB4318B59C9C000DD7DE /* FontsTests */,
				497CAB2318B59C9C000DD7DE /* Frameworks */,
				497CAB2218B59C9C000DD7DE /* Products */,
				E2F41BEC17984DFF8A8DAD90 /* Pods.xcconfig */,
			);
			sourceTree = "<group>";
		};
		497CAB2218B59C9C000DD7DE /* Products */ = {
			isa = PBXGroup;
			children = (
				497CAB2118B59C9C000DD7DE /* Fonts.app */,
				497CAB3C18B59C9C000DD7DE /* FontsTests.xctest */,
			);
			name = Products;
			sourceTree = "<group>";
		};
		497CAB2318B59C9C000DD7DE /* Frameworks */ = {
			isa = PBXGroup;
			children = (
				497CAB2418B59C9C000DD7DE /* Foundation.framework */,
				497CAB2618B59C9C000DD7DE /* CoreGraphics.framework */,
				497CAB2818B59C9C000DD7DE /* UIKit.framework */,
				497CAB3D18B59C9C000DD7DE /* XCTest.framework */,
				27BCE612B01248A383999C07 /* libPods.a */,
			);
			name = Frameworks;
			sourceTree = "<group>";
		};
		497CAB2A18B59C9C000DD7DE /* Fonts */ = {
			isa = PBXGroup;
			children = (
				497CAB3318B59C9C000DD7DE /* TWTAppDelegate.h */,
				497CAB3418B59C9C000DD7DE /* TWTAppDelegate.m */,
				497CAB3618B59C9C000DD7DE /* Images.xcassets */,
				497CAB2B18B59C9C000DD7DE /* Supporting Files */,
				4918CD0318B5A232005D8E55 /* TWTFontFamiliesViewController.h */,
				4918CD0418B5A232005D8E55 /* TWTFontFamiliesViewController.m */,
				4918CD0618B5A24C005D8E55 /* TWTFontPreviewViewController.h */,
				4918CD0718B5A24C005D8E55 /* TWTFontPreviewViewController.m */,
				4918CD0918B5A7D3005D8E55 /* TWTFontsViewController.h */,
				4918CD0A18B5A7D3005D8E55 /* TWTFontsViewController.m */,
				492C100A18B64E12007CE8FF /* TWTFontLoader.h */,
				492C100B18B64E12007CE8FF /* TWTFontLoader.m */,
				49A089B81910504700283FE4 /* TWTEnvironment.h */,
				49A089B91910504700283FE4 /* TWTEnvironment.m */,
				49A089BB1910523C00283FE4 /* TWTTextEditorViewController.h */,
				49A089BC1910523C00283FE4 /* TWTTextEditorViewController.m */,
				49A089BE1910528400283FE4 /* UIViewController+Fonts.h */,
				49A089BF1910528400283FE4 /* UIViewController+Fonts.m */,
				49A089C11910564C00283FE4 /* TWTUserDefaults.h */,
				49A089C21910564C00283FE4 /* TWTUserDefaults.m */,
			);
			path = Fonts;
			sourceTree = "<group>";
		};
		497CAB2B18B59C9C000DD7DE /* Supporting Files */ = {
			isa = PBXGroup;
			children = (
				497CAB2C18B59C9C000DD7DE /* Fonts-Info.plist */,
				497CAB2D18B59C9C000DD7DE /* InfoPlist.strings */,
				497CAB3018B59C9C000DD7DE /* main.m */,
				497CAB3218B59C9C000DD7DE /* Fonts-Prefix.pch */,
			);
			name = "Supporting Files";
			sourceTree = "<group>";
		};
		497CAB4318B59C9C000DD7DE /* FontsTests */ = {
			isa = PBXGroup;
			children = (
				497CAB4918B59C9C000DD7DE /* FontsTests.m */,
				497CAB4418B59C9C000DD7DE /* Supporting Files */,
			);
			path = FontsTests;
			sourceTree = "<group>";
		};
		497CAB4418B59C9C000DD7DE /* Supporting Files */ = {
			isa = PBXGroup;
			children = (
				497CAB4518B59C9C000DD7DE /* FontsTests-Info.plist */,
				497CAB4618B59C9C000DD7DE /* InfoPlist.strings */,
			);
			name = "Supporting Files";
			sourceTree = "<group>";
		};
/* End PBXGroup section */

/* Begin PBXNativeTarget section */
		497CAB2018B59C9C000DD7DE /* Fonts */ = {
			isa = PBXNativeTarget;
			buildConfigurationList = 497CAB4D18B59C9C000DD7DE /* Build configuration list for PBXNativeTarget "Fonts" */;
			buildPhases = (
				8CFC28C8A1444A9687B2E0B5 /* Check Pods Manifest.lock */,
				497CAB1D18B59C9C000DD7DE /* Sources */,
				497CAB1E18B59C9C000DD7DE /* Frameworks */,
				497CAB1F18B59C9C000DD7DE /* Resources */,
				8D792470A74A42E1BCC7592D /* Copy Pods Resources */,
			);
			buildRules = (
			);
			dependencies = (
			);
			name = Fonts;
			productName = Fonts;
			productReference = 497CAB2118B59C9C000DD7DE /* Fonts.app */;
			productType = "com.apple.product-type.application";
		};
		497CAB3B18B59C9C000DD7DE /* FontsTests */ = {
			isa = PBXNativeTarget;
			buildConfigurationList = 497CAB5018B59C9C000DD7DE /* Build configuration list for PBXNativeTarget "FontsTests" */;
			buildPhases = (
				497CAB3818B59C9C000DD7DE /* Sources */,
				497CAB3918B59C9C000DD7DE /* Frameworks */,
				497CAB3A18B59C9C000DD7DE /* Resources */,
			);
			buildRules = (
			);
			dependencies = (
				497CAB4218B59C9C000DD7DE /* PBXTargetDependency */,
			);
			name = FontsTests;
			productName = FontsTests;
			productReference = 497CAB3C18B59C9C000DD7DE /* FontsTests.xctest */;
			productType = "com.apple.product-type.bundle.unit-test";
		};
/* End PBXNativeTarget section */

/* Begin PBXProject section */
		497CAB1918B59C9C000DD7DE /* Project object */ = {
			isa = PBXProject;
			attributes = {
				CLASSPREFIX = TWT;
				LastUpgradeCheck = 0510;
				ORGANIZATIONNAME = "Two Toasters, LLC";
				TargetAttributes = {
					497CAB2018B59C9C000DD7DE = {
						DevelopmentTeam = TYQ894B3WB;
					};
					497CAB3B18B59C9C000DD7DE = {
						TestTargetID = 497CAB2018B59C9C000DD7DE;
					};
				};
			};
			buildConfigurationList = 497CAB1C18B59C9C000DD7DE /* Build configuration list for PBXProject "Fonts" */;
			compatibilityVersion = "Xcode 3.2";
			developmentRegion = English;
			hasScannedForEncodings = 0;
			knownRegions = (
				en,
			);
			mainGroup = 497CAB1818B59C9C000DD7DE;
			productRefGroup = 497CAB2218B59C9C000DD7DE /* Products */;
			projectDirPath = "";
			projectRoot = "";
			targets = (
				497CAB2018B59C9C000DD7DE /* Fonts */,
				497CAB3B18B59C9C000DD7DE /* FontsTests */,
			);
		};
/* End PBXProject section */

/* Begin PBXResourcesBuildPhase section */
		497CAB1F18B59C9C000DD7DE /* Resources */ = {
			isa = PBXResourcesBuildPhase;
			buildActionMask = 2147483647;
			files = (
				497CAB2F18B59C9C000DD7DE /* InfoPlist.strings in Resources */,
				497CAB3718B59C9C000DD7DE /* Images.xcassets in Resources */,
			);
			runOnlyForDeploymentPostprocessing = 0;
		};
		497CAB3A18B59C9C000DD7DE /* Resources */ = {
			isa = PBXResourcesBuildPhase;
			buildActionMask = 2147483647;
			files = (
				497CAB4818B59C9C000DD7DE /* InfoPlist.strings in Resources */,
			);
			runOnlyForDeploymentPostprocessing = 0;
		};
/* End PBXResourcesBuildPhase section */

/* Begin PBXShellScriptBuildPhase section */
		8CFC28C8A1444A9687B2E0B5 /* Check Pods Manifest.lock */ = {
			isa = PBXShellScriptBuildPhase;
			buildActionMask = 2147483647;
			files = (
			);
			inputPaths = (
			);
			name = "Check Pods Manifest.lock";
			outputPaths = (
			);
			runOnlyForDeploymentPostprocessing = 0;
			shellPath = /bin/sh;
			shellScript = "diff \"${PODS_ROOT}/../Podfile.lock\" \"${PODS_ROOT}/Manifest.lock\" > /dev/null\nif [[ $? != 0 ]] ; then\n    cat << EOM\nerror: The sandbox is not in sync with the Podfile.lock. Run 'pod install' or update your CocoaPods installation.\nEOM\n    exit 1\nfi\n";
			showEnvVarsInLog = 0;
		};
		8D792470A74A42E1BCC7592D /* Copy Pods Resources */ = {
			isa = PBXShellScriptBuildPhase;
			buildActionMask = 2147483647;
			files = (
			);
			inputPaths = (
			);
			name = "Copy Pods Resources";
			outputPaths = (
			);
			runOnlyForDeploymentPostprocessing = 0;
			shellPath = /bin/sh;
			shellScript = "\"${SRCROOT}/../Pods/Pods-resources.sh\"\n";
			showEnvVarsInLog = 0;
		};
/* End PBXShellScriptBuildPhase section */

/* Begin PBXSourcesBuildPhase section */
		497CAB1D18B59C9C000DD7DE /* Sources */ = {
			isa = PBXSourcesBuildPhase;
			buildActionMask = 2147483647;
			files = (
				49A089C31910564C00283FE4 /* TWTUserDefaults.m in Sources */,
				4918CD0818B5A24C005D8E55 /* TWTFontPreviewViewController.m in Sources */,
				49A089BA1910504700283FE4 /* TWTEnvironment.m in Sources */,
				49A089BD1910523C00283FE4 /* TWTTextEditorViewController.m in Sources */,
				492C100C18B64E12007CE8FF /* TWTFontLoader.m in Sources */,
				497CAB3518B59C9C000DD7DE /* TWTAppDelegate.m in Sources */,
				4918CD0B18B5A7D3005D8E55 /* TWTFontsViewController.m in Sources */,
				4918CD0518B5A232005D8E55 /* TWTFontFamiliesViewController.m in Sources */,
				49A089C01910528400283FE4 /* UIViewController+Fonts.m in Sources */,
				497CAB3118B59C9C000DD7DE /* main.m in Sources */,
			);
			runOnlyForDeploymentPostprocessing = 0;
		};
		497CAB3818B59C9C000DD7DE /* Sources */ = {
			isa = PBXSourcesBuildPhase;
			buildActionMask = 2147483647;
			files = (
				497CAB4A18B59C9C000DD7DE /* FontsTests.m in Sources */,
			);
			runOnlyForDeploymentPostprocessing = 0;
		};
/* End PBXSourcesBuildPhase section */

/* Begin PBXTargetDependency section */
		497CAB4218B59C9C000DD7DE /* PBXTargetDependency */ = {
			isa = PBXTargetDependency;
			target = 497CAB2018B59C9C000DD7DE /* Fonts */;
			targetProxy = 497CAB4118B59C9C000DD7DE /* PBXContainerItemProxy */;
		};
/* End PBXTargetDependency section */

/* Begin PBXVariantGroup section */
		497CAB2D18B59C9C000DD7DE /* InfoPlist.strings */ = {
			isa = PBXVariantGroup;
			children = (
				497CAB2E18B59C9C000DD7DE /* en */,
			);
			name = InfoPlist.strings;
			sourceTree = "<group>";
		};
		497CAB4618B59C9C000DD7DE /* InfoPlist.strings */ = {
			isa = PBXVariantGroup;
			children = (
				497CAB4718B59C9C000DD7DE /* en */,
			);
			name = InfoPlist.strings;
			sourceTree = "<group>";
		};
/* End PBXVariantGroup section */

/* Begin XCBuildConfiguration section */
		497CAB4B18B59C9C000DD7DE /* Debug */ = {
			isa = XCBuildConfiguration;
			buildSettings = {
				ALWAYS_SEARCH_USER_PATHS = NO;
				CLANG_CXX_LANGUAGE_STANDARD = "gnu++0x";
				CLANG_CXX_LIBRARY = "libc++";
				CLANG_ENABLE_MODULES = YES;
				CLANG_ENABLE_OBJC_ARC = YES;
				CLANG_WARN_BOOL_CONVERSION = YES;
				CLANG_WARN_CONSTANT_CONVERSION = YES;
				CLANG_WARN_DIRECT_OBJC_ISA_USAGE = YES_ERROR;
				CLANG_WARN_EMPTY_BODY = YES;
				CLANG_WARN_ENUM_CONVERSION = YES;
				CLANG_WARN_INT_CONVERSION = YES;
				CLANG_WARN_OBJC_ROOT_CLASS = YES_ERROR;
				CLANG_WARN__DUPLICATE_METHOD_MATCH = YES;
				"CODE_SIGN_IDENTITY[sdk=iphoneos*]" = "iPhone Developer";
				COPY_PHASE_STRIP = NO;
				GCC_C_LANGUAGE_STANDARD = gnu99;
				GCC_DYNAMIC_NO_PIC = NO;
				GCC_OPTIMIZATION_LEVEL = 0;
				GCC_PREPROCESSOR_DEFINITIONS = (
					"DEBUG=1",
					"$(inherited)",
				);
				GCC_SYMBOLS_PRIVATE_EXTERN = NO;
				GCC_WARN_64_TO_32_BIT_CONVERSION = YES;
				GCC_WARN_ABOUT_RETURN_TYPE = YES_ERROR;
				GCC_WARN_UNDECLARED_SELECTOR = YES;
				GCC_WARN_UNINITIALIZED_AUTOS = YES;
				GCC_WARN_UNUSED_FUNCTION = YES;
				GCC_WARN_UNUSED_VARIABLE = YES;
				IPHONEOS_DEPLOYMENT_TARGET = 7.0;
				ONLY_ACTIVE_ARCH = YES;
				SDKROOT = iphoneos;
				TARGETED_DEVICE_FAMILY = 2;
			};
			name = Debug;
		};
		497CAB4C18B59C9C000DD7DE /* Release */ = {
			isa = XCBuildConfiguration;
			buildSettings = {
				ALWAYS_SEARCH_USER_PATHS = NO;
				CLANG_CXX_LANGUAGE_STANDARD = "gnu++0x";
				CLANG_CXX_LIBRARY = "libc++";
				CLANG_ENABLE_MODULES = YES;
				CLANG_ENABLE_OBJC_ARC = YES;
				CLANG_WARN_BOOL_CONVERSION = YES;
				CLANG_WARN_CONSTANT_CONVERSION = YES;
				CLANG_WARN_DIRECT_OBJC_ISA_USAGE = YES_ERROR;
				CLANG_WARN_EMPTY_BODY = YES;
				CLANG_WARN_ENUM_CONVERSION = YES;
				CLANG_WARN_INT_CONVERSION = YES;
				CLANG_WARN_OBJC_ROOT_CLASS = YES_ERROR;
				CLANG_WARN__DUPLICATE_METHOD_MATCH = YES;
				"CODE_SIGN_IDENTITY[sdk=iphoneos*]" = "iPhone Developer";
				COPY_PHASE_STRIP = YES;
				ENABLE_NS_ASSERTIONS = NO;
				GCC_C_LANGUAGE_STANDARD = gnu99;
				GCC_WARN_64_TO_32_BIT_CONVERSION = YES;
				GCC_WARN_ABOUT_RETURN_TYPE = YES_ERROR;
				GCC_WARN_UNDECLARED_SELECTOR = YES;
				GCC_WARN_UNINITIALIZED_AUTOS = YES;
				GCC_WARN_UNUSED_FUNCTION = YES;
				GCC_WARN_UNUSED_VARIABLE = YES;
				IPHONEOS_DEPLOYMENT_TARGET = 7.0;
				SDKROOT = iphoneos;
				TARGETED_DEVICE_FAMILY = 2;
				VALIDATE_PRODUCT = YES;
			};
			name = Release;
		};
		497CAB4E18B59C9C000DD7DE /* Debug */ = {
			isa = XCBuildConfiguration;
			baseConfigurationReference = E2F41BEC17984DFF8A8DAD90 /* Pods.xcconfig */;
			buildSettings = {
				ASSETCATALOG_COMPILER_APPICON_NAME = AppIcon;
				ASSETCATALOG_COMPILER_LAUNCHIMAGE_NAME = LaunchImage;
				CODE_SIGN_IDENTITY = "iPhone Developer";
				GCC_PRECOMPILE_PREFIX_HEADER = YES;
				GCC_PREFIX_HEADER = "Fonts/Fonts-Prefix.pch";
				INFOPLIST_FILE = "Fonts/Fonts-Info.plist";
				PRODUCT_NAME = "$(TARGET_NAME)";
				TARGETED_DEVICE_FAMILY = "1,2";
				WRAPPER_EXTENSION = app;
			};
			name = Debug;
		};
		497CAB4F18B59C9C000DD7DE /* Release */ = {
			isa = XCBuildConfiguration;
			baseConfigurationReference = E2F41BEC17984DFF8A8DAD90 /* Pods.xcconfig */;
			buildSettings = {
				ASSETCATALOG_COMPILER_APPICON_NAME = AppIcon;
				ASSETCATALOG_COMPILER_LAUNCHIMAGE_NAME = LaunchImage;
				CODE_SIGN_IDENTITY = "iPhone Developer";
				GCC_PRECOMPILE_PREFIX_HEADER = YES;
				GCC_PREFIX_HEADER = "Fonts/Fonts-Prefix.pch";
				INFOPLIST_FILE = "Fonts/Fonts-Info.plist";
				PRODUCT_NAME = "$(TARGET_NAME)";
				TARGETED_DEVICE_FAMILY = "1,2";
				WRAPPER_EXTENSION = app;
			};
			name = Release;
		};
		497CAB5118B59C9C000DD7DE /* Debug */ = {
			isa = XCBuildConfiguration;
			buildSettings = {
				BUNDLE_LOADER = "$(BUILT_PRODUCTS_DIR)/Fonts.app/Fonts";
				FRAMEWORK_SEARCH_PATHS = (
					"$(SDKROOT)/Developer/Library/Frameworks",
					"$(inherited)",
					"$(DEVELOPER_FRAMEWORKS_DIR)",
				);
				GCC_PRECOMPILE_PREFIX_HEADER = YES;
				GCC_PREFIX_HEADER = "Fonts/Fonts-Prefix.pch";
				GCC_PREPROCESSOR_DEFINITIONS = (
					"DEBUG=1",
					"$(inherited)",
				);
				INFOPLIST_FILE = "FontsTests/FontsTests-Info.plist";
				PRODUCT_NAME = "$(TARGET_NAME)";
				TEST_HOST = "$(BUNDLE_LOADER)";
				WRAPPER_EXTENSION = xctest;
			};
			name = Debug;
		};
		497CAB5218B59C9C000DD7DE /* Release */ = {
			isa = XCBuildConfiguration;
			buildSettings = {
				BUNDLE_LOADER = "$(BUILT_PRODUCTS_DIR)/Fonts.app/Fonts";
				FRAMEWORK_SEARCH_PATHS = (
					"$(SDKROOT)/Developer/Library/Frameworks",
					"$(inherited)",
					"$(DEVELOPER_FRAMEWORKS_DIR)",
				);
				GCC_PRECOMPILE_PREFIX_HEADER = YES;
				GCC_PREFIX_HEADER = "Fonts/Fonts-Prefix.pch";
				INFOPLIST_FILE = "FontsTests/FontsTests-Info.plist";
				PRODUCT_NAME = "$(TARGET_NAME)";
				TEST_HOST = "$(BUNDLE_LOADER)";
				WRAPPER_EXTENSION = xctest;
			};
			name = Release;
		};
/* End XCBuildConfiguration section */

/* Begin XCConfigurationList section */
		497CAB1C18B59C9C000DD7DE /* Build configuration list for PBXProject "Fonts" */ = {
			isa = XCConfigurationList;
			buildConfigurations = (
				497CAB4B18B59C9C000DD7DE /* Debug */,
				497CAB4C18B59C9C000DD7DE /* Release */,
			);
			defaultConfigurationIsVisible = 0;
			defaultConfigurationName = Release;
		};
		497CAB4D18B59C9C000DD7DE /* Build configuration list for PBXNativeTarget "Fonts" */ = {
			isa = XCConfigurationList;
			buildConfigurations = (
				497CAB4E18B59C9C000DD7DE /* Debug */,
				497CAB4F18B59C9C000DD7DE /* Release */,
			);
			defaultConfigurationIsVisible = 0;
			defaultConfigurationName = Release;
		};
		497CAB5018B59C9C000DD7DE /* Build configuration list for PBXNativeTarget "FontsTests" */ = {
			isa = XCConfigurationList;
			buildConfigurations = (
				497CAB5118B59C9C000DD7DE /* Debug */,
				497CAB5218B59C9C000DD7DE /* Release */,
			);
			defaultConfigurationIsVisible = 0;
			defaultConfigurationName = Release;
		};
/* End XCConfigurationList section */
	};
	rootObject = 497CAB1918B59C9C000DD7DE /* Project object */;
}
